
Microsoft Visual Studio Solution File, Format Version 12.00
# Visual Studio Version 16
VisualStudioVersion = 16.0.28803.156
MinimumVisualStudioVersion = 10.0.40219.1
Project("{FAE04EC0-301F-11D3-BF4B-00C04F79EFBC}") = "BookWave.Desktop", "BookWave\BookWave.Desktop.csproj", "{E5FD876E-8967-4607-999B-14D8A799F119}"
EndProject
Project("{FAE04EC0-301F-11D3-BF4B-00C04F79EFBC}") = "BookWave.Controls", "BookWaveCustomControls\BookWave.Controls.csproj", "{3C911C9E-41CB-4ACA-8F0F-C69A311014F3}"
EndProject
Project("{FAE04EC0-301F-11D3-BF4B-00C04F79EFBC}") = "BookWave.Styles", "BookWaveStyles\BookWave.Styles.csproj", "{EF5F5F8B-4FEF-4019-8CEC-28354B90FD82}"
EndProject
Project("{9A19103F-16F7-4668-BE54-9A1E7A4F7556}") = "BookWave.Tests", "BookWave.Tests\BookWave.Tests.csproj", "{8759EC3A-A414-4A4F-A437-DB373BB4B72A}"
EndProject
Project("{9A19103F-16F7-4668-BE54-9A1E7A4F7556}") = "BookWave.ScannerPlugins", "BookWave.ScannerPlugins\BookWave.ScannerPlugins.csproj", "{4BAA3ADA-828E-4247-B49C-69A6DCD6CFE6}"
EndProject
Project("{FAE04EC0-301F-11D3-BF4B-00C04F79EFBC}") = "Infralution.Localization.Wpf", "Infralution.Localization.Wpf\Infralution.Localization.Wpf.csproj", "{E3D700D5-BDFB-4777-8E9C-53E8F943AC58}"
EndProject
Global
	GlobalSection(SolutionConfigurationPlatforms) = preSolution
		Debug|Any CPU = Debug|Any CPU
		Release|Any CPU = Release|Any CPU
	EndGlobalSection
	GlobalSection(ProjectConfigurationPlatforms) = postSolution
		{E5FD876E-8967-4607-999B-14D8A799F119}.Debug|Any CPU.ActiveCfg = Debug|Any CPU
		{E5FD876E-8967-4607-999B-14D8A799F119}.Debug|Any CPU.Build.0 = Debug|Any CPU
		{E5FD876E-8967-4607-999B-14D8A799F119}.Release|Any CPU.ActiveCfg = Release|Any CPU
		{E5FD876E-8967-4607-999B-14D8A799F119}.Release|Any CPU.Build.0 = Release|Any CPU
		{3C911C9E-41CB-4ACA-8F0F-C69A311014F3}.Debug|Any CPU.ActiveCfg = Debug|Any CPU
		{3C911C9E-41CB-4ACA-8F0F-C69A311014F3}.Debug|Any CPU.Build.0 = Debug|Any CPU
		{3C911C9E-41CB-4ACA-8F0F-C69A311014F3}.Release|Any CPU.ActiveCfg = Release|Any CPU
		{3C911C9E-41CB-4ACA-8F0F-C69A311014F3}.Release|Any CPU.Build.0 = Release|Any CPU
		{EF5F5F8B-4FEF-4019-8CEC-28354B90FD82}.Debug|Any CPU.ActiveCfg = Debug|Any CPU
		{EF5F5F8B-4FEF-4019-8CEC-28354B90FD82}.Debug|Any CPU.Build.0 = Debug|Any CPU
		{EF5F5F8B-4FEF-4019-8CEC-28354B90FD82}.Release|Any CPU.ActiveCfg = Release|Any CPU
		{EF5F5F8B-4FEF-4019-8CEC-28354B90FD82}.Release|Any CPU.Build.0 = Release|Any CPU
		{8759EC3A-A414-4A4F-A437-DB373BB4B72A}.Debug|Any CPU.ActiveCfg = Debug|Any CPU
		{8759EC3A-A414-4A4F-A437-DB373BB4B72A}.Debug|Any CPU.Build.0 = Debug|Any CPU
		{8759EC3A-A414-4A4F-A437-DB373BB4B72A}.Release|Any CPU.ActiveCfg = Release|Any CPU
		{8759EC3A-A414-4A4F-A437-DB373BB4B72A}.Release|Any CPU.Build.0 = Release|Any CPU
		{4BAA3ADA-828E-4247-B49C-69A6DCD6CFE6}.Debug|Any CPU.ActiveCfg = Debug|Any CPU
		{4BAA3ADA-828E-4247-B49C-69A6DCD6CFE6}.Debug|Any CPU.Build.0 = Debug|Any CPU
		{4BAA3ADA-828E-4247-B49C-69A6DCD6CFE6}.Release|Any CPU.ActiveCfg = Release|Any CPU
		{4BAA3ADA-828E-4247-B49C-69A6DCD6CFE6}.Release|Any CPU.Build.0 = Release|Any CPU
		{E3D700D5-BDFB-4777-8E9C-53E8F943AC58}.Debug|Any CPU.ActiveCfg = Debug|Any CPU
		{E3D700D5-BDFB-4777-8E9C-53E8F943AC58}.Debug|Any CPU.Build.0 = Debug|Any CPU
		{E3D700D5-BDFB-4777-8E9C-53E8F943AC58}.Release|Any CPU.ActiveCfg = Release|Any CPU
		{E3D700D5-BDFB-4777-8E9C-53E8F943AC58}.Release|Any CPU.Build.0 = Release|Any CPU
	EndGlobalSection
	GlobalSection(SolutionProperties) = preSolution
		HideSolutionNode = FALSE
	EndGlobalSection
	GlobalSection(ExtensibilityGlobals) = postSolution
		SolutionGuid = {7618F110-CC8E-4D67-B62C-4D87D9E84FEE}
	EndGlobalSection
EndGlobal
